
Microsoft Visual Studio Solution File, Format Version 12.00
# Visual Studio Version 17
VisualStudioVersion = 17.4.33213.308
MinimumVisualStudioVersion = 10.0.40219.1
Project("{FAE04EC0-301F-11D3-BF4B-00C04F79EFBC}") = "ExampleWebApp_CoreWebAPI", "ExampleWebApp_CoreWebAPI.csproj", "{68171956-1CDD-4D35-91CD-2A2ED4E62C3D}"
EndProject
Global
	GlobalSection(SolutionConfigurationPlatforms) = preSolution
		Debug|Any CPU = Debug|Any CPU
		Release|Any CPU = Release|Any CPU
	EndGlobalSection
	GlobalSection(ProjectConfigurationPlatforms) = postSolution
		{68171956-1CDD-4D35-91CD-2A2ED4E62C3D}.Debug|Any CPU.ActiveCfg = Debug|Any CPU
		{68171956-1CDD-4D35-91CD-2A2ED4E62C3D}.Debug|Any CPU.Build.0 = Debug|Any CPU
		{68171956-1CDD-4D35-91CD-2A2ED4E62C3D}.Release|Any CPU.ActiveCfg = Release|Any CPU
		{68171956-1CDD-4D35-91CD-2A2ED4E62C3D}.Release|Any CPU.Build.0 = Release|Any CPU
	EndGlobalSection
	GlobalSection(SolutionProperties) = preSolution
		HideSolutionNode = FALSE
	EndGlobalSection
	GlobalSection(ExtensibilityGlobals) = postSolution
		SolutionGuid = {0910F024-9600-4AC4-93EB-E74200F60741}
	EndGlobalSection
EndGlobal
