
Microsoft Visual Studio Solution File, Format Version 12.00
# Visual Studio Version 17
VisualStudioVersion = 17.4.33213.308
MinimumVisualStudioVersion = 10.0.40219.1
Project("{FAE04EC0-301F-11D3-BF4B-00C04F79EFBC}") = "ExampleWebApp_CoreWebApp", "ExampleWebApp_CoreWebApp.csproj", "{900E6664-B587-4EE6-A8CD-4A5F9A4726FE}"
EndProject
Global
	GlobalSection(SolutionConfigurationPlatforms) = preSolution
		Debug|Any CPU = Debug|Any CPU
		Release|Any CPU = Release|Any CPU
	EndGlobalSection
	GlobalSection(ProjectConfigurationPlatforms) = postSolution
		{900E6664-B587-4EE6-A8CD-4A5F9A4726FE}.Debug|Any CPU.ActiveCfg = Debug|Any CPU
		{900E6664-B587-4EE6-A8CD-4A5F9A4726FE}.Debug|Any CPU.Build.0 = Debug|Any CPU
		{900E6664-B587-4EE6-A8CD-4A5F9A4726FE}.Release|Any CPU.ActiveCfg = Release|Any CPU
		{900E6664-B587-4EE6-A8CD-4A5F9A4726FE}.Release|Any CPU.Build.0 = Release|Any CPU
	EndGlobalSection
	GlobalSection(SolutionProperties) = preSolution
		HideSolutionNode = FALSE
	EndGlobalSection
	GlobalSection(ExtensibilityGlobals) = postSolution
		SolutionGuid = {C462F304-81F3-4319-801E-6F4CF3BB628C}
	EndGlobalSection
EndGlobal
