
Microsoft Visual Studio Solution File, Format Version 12.00
# Visual Studio Version 17
VisualStudioVersion = 17.4.33213.308
MinimumVisualStudioVersion = 10.0.40219.1
Project("{FAE04EC0-301F-11D3-BF4B-00C04F79EFBC}") = "ExampleWebApp_MVC", "ExampleWebApp_MVC.csproj", "{64A8795C-3F21-4D5E-8B41-7D6AAC86B888}"
EndProject
Global
	GlobalSection(SolutionConfigurationPlatforms) = preSolution
		Debug|Any CPU = Debug|Any CPU
		Release|Any CPU = Release|Any CPU
	EndGlobalSection
	GlobalSection(ProjectConfigurationPlatforms) = postSolution
		{64A8795C-3F21-4D5E-8B41-7D6AAC86B888}.Debug|Any CPU.ActiveCfg = Debug|Any CPU
		{64A8795C-3F21-4D5E-8B41-7D6AAC86B888}.Debug|Any CPU.Build.0 = Debug|Any CPU
		{64A8795C-3F21-4D5E-8B41-7D6AAC86B888}.Release|Any CPU.ActiveCfg = Release|Any CPU
		{64A8795C-3F21-4D5E-8B41-7D6AAC86B888}.Release|Any CPU.Build.0 = Release|Any CPU
	EndGlobalSection
	GlobalSection(SolutionProperties) = preSolution
		HideSolutionNode = FALSE
	EndGlobalSection
	GlobalSection(ExtensibilityGlobals) = postSolution
		SolutionGuid = {3F8194B6-7163-4779-BC49-766BDA152BA8}
	EndGlobalSection
EndGlobal
